
Microsoft Visual Studio Solution File, Format Version 12.00
# Visual Studio Version 16
VisualStudioVersion = 16.0.30413.136
MinimumVisualStudioVersion = 10.0.40219.1
Project("{FAE04EC0-301F-11D3-BF4B-00C04F79EFBC}") = "MoreSlots", "MoreSlots\MoreSlots.csproj", "{AD10967B-82DB-4FCA-A978-6A549952C679}"
EndProject
Global
	GlobalSection(SolutionConfigurationPlatforms) = preSolution
		Debug|Any CPU = Debug|Any CPU
		Release|Any CPU = Release|Any CPU
	EndGlobalSection
	GlobalSection(ProjectConfigurationPlatforms) = postSolution
		{AD10967B-82DB-4FCA-A978-6A549952C679}.Debug|Any CPU.ActiveCfg = Debug|Any CPU
		{AD10967B-82DB-4FCA-A978-6A549952C679}.Debug|Any CPU.Build.0 = Debug|Any CPU
		{AD10967B-82DB-4FCA-A978-6A549952C679}.Release|Any CPU.ActiveCfg = Release|Any CPU
		{AD10967B-82DB-4FCA-A978-6A549952C679}.Release|Any CPU.Build.0 = Release|Any CPU
	EndGlobalSection
	GlobalSection(SolutionProperties) = preSolution
		HideSolutionNode = FALSE
	EndGlobalSection
	GlobalSection(ExtensibilityGlobals) = postSolution
		SolutionGuid = {CAB41C36-541B-4CD7-B26B-99241522FBD5}
	EndGlobalSection
EndGlobal
